// !$*UTF8*$!
{
	archiveVersion = 1;
	classes = {
	};
	objectVersion = 46;
	objects = {

/* Begin PBXBuildFile section */
		5401CE1A1ADB02D8002D20F2 /* followoff.png in Resources */ = {isa = PBXBuildFile; fileRef = 5401CE181ADB02D8002D20F2 /* followoff.png */; };
		5401CE1B1ADB02D8002D20F2 /* followon.png in Resources */ = {isa = PBXBuildFile; fileRef = 5401CE191ADB02D8002D20F2 /* followon.png */; };
		5403242E1A4B8B5300B61880 /* AppDelegate.swift in Sources */ = {isa = PBXBuildFile; fileRef = 5403242D1A4B8B5300B61880 /* AppDelegate.swift */; };
		540324321A4B8B5300B61880 /* GameScene.swift in Sources */ = {isa = PBXBuildFile; fileRef = 540324311A4B8B5300B61880 /* GameScene.swift */; };
		540324341A4B8B5300B61880 /* GameViewController.swift in Sources */ = {isa = PBXBuildFile; fileRef = 540324331A4B8B5300B61880 /* GameViewController.swift */; };
		540324371A4B8B5300B61880 /* Main.storyboard in Resources */ = {isa = PBXBuildFile; fileRef = 540324351A4B8B5300B61880 /* Main.storyboard */; };
		540324391A4B8B5300B61880 /* Images.xcassets in Resources */ = {isa = PBXBuildFile; fileRef = 540324381A4B8B5300B61880 /* Images.xcassets */; };
		54055C721AF07D1500FDD966 /* Iapp.swift in Sources */ = {isa = PBXBuildFile; fileRef = 54055C711AF07D1500FDD966 /* Iapp.swift */; };
		540A9B161B1534F200A8F6E0 /* FadeText.swift in Sources */ = {isa = PBXBuildFile; fileRef = 540A9B151B1534F200A8F6E0 /* FadeText.swift */; };
		541036881A55EFB000FA8BD2 /* Alien.swift in Sources */ = {isa = PBXBuildFile; fileRef = 541036871A55EFB000FA8BD2 /* Alien.swift */; };
		5410368A1A55EFD200FA8BD2 /* Sprite.swift in Sources */ = {isa = PBXBuildFile; fileRef = 541036891A55EFD200FA8BD2 /* Sprite.swift */; };
		5414AC491AEEA2E10039724D /* StoreKit.framework in Frameworks */ = {isa = PBXBuildFile; fileRef = 5414AC481AEEA2E10039724D /* StoreKit.framework */; };
		547B0DAA1A5E105900B3985C /* Explosion.swift in Sources */ = {isa = PBXBuildFile; fileRef = 547B0DA91A5E105900B3985C /* Explosion.swift */; };
		547B0DAC1A5F59BC00B3985C /* Rocket.swift in Sources */ = {isa = PBXBuildFile; fileRef = 547B0DAB1A5F59BC00B3985C /* Rocket.swift */; };
		547B0DAF1A5F5D3E00B3985C /* Scoreboard.swift in Sources */ = {isa = PBXBuildFile; fileRef = 547B0DAE1A5F5D3E00B3985C /* Scoreboard.swift */; };
		547B0DB11A5F64CE00B3985C /* Background.swift in Sources */ = {isa = PBXBuildFile; fileRef = 547B0DB01A5F64CE00B3985C /* Background.swift */; };
		547B0E0D1A5FA36500B3985C /* timeburner.otf in Resources */ = {isa = PBXBuildFile; fileRef = 547B0E0C1A5FA2F800B3985C /* timeburner.otf */; };
		547BDB871A60AD16009F1B50 /* Explode.sks in Resources */ = {isa = PBXBuildFile; fileRef = 547BDB851A60AD16009F1B50 /* Explode.sks */; };
		547BDB8C1A60C1B1009F1B50 /* Pause.swift in Sources */ = {isa = PBXBuildFile; fileRef = 547BDB8B1A60C1B1009F1B50 /* Pause.swift */; };
		548983F91A57938E00C7BF63 /* Powerup.swift in Sources */ = {isa = PBXBuildFile; fileRef = 548983F81A57938E00C7BF63 /* Powerup.swift */; };
		54A2C7491A65A70A003746D3 /* GameKit.framework in Frameworks */ = {isa = PBXBuildFile; fileRef = 54A2C7481A65A70A003746D3 /* GameKit.framework */; };
		54A317941B3A037A00D8CB16 /* LaunchScreen.storyboard in Resources */ = {isa = PBXBuildFile; fileRef = 54A317931B3A037A00D8CB16 /* LaunchScreen.storyboard */; };
		54A317961B3A06E100D8CB16 /* launch.png in Resources */ = {isa = PBXBuildFile; fileRef = 54A317951B3A06E100D8CB16 /* launch.png */; };
		54B436381A832EF9008E592E /* twitter.png in Resources */ = {isa = PBXBuildFile; fileRef = 54B436361A832EF9008E592E /* twitter.png */; };
		54B436391A832EF9008E592E /* facebook.png in Resources */ = {isa = PBXBuildFile; fileRef = 54B436371A832EF9008E592E /* facebook.png */; };
		54BC177D1AC1ECF0000A7FED /* Start.mp3 in Resources */ = {isa = PBXBuildFile; fileRef = 54BC17791AC1ECF0000A7FED /* Start.mp3 */; };
		54BC177E1AC1ECF0000A7FED /* Powerup.mp3 in Resources */ = {isa = PBXBuildFile; fileRef = 54BC177A1AC1ECF0000A7FED /* Powerup.mp3 */; };
		54BC177F1AC1ECF0000A7FED /* Alien_Disable.mp3 in Resources */ = {isa = PBXBuildFile; fileRef = 54BC177B1AC1ECF0000A7FED /* Alien_Disable.mp3 */; };
		54BC17801AC1ECF0000A7FED /* Death.mp3 in Resources */ = {isa = PBXBuildFile; fileRef = 54BC177C1AC1ECF0000A7FED /* Death.mp3 */; };
		54BC17821AC1F2BA000A7FED /* Chamber-of-Jewels.mp3 in Resources */ = {isa = PBXBuildFile; fileRef = 54BC17811AC1F2BA000A7FED /* Chamber-of-Jewels.mp3 */; };
		54BC178E1AC1FABF000A7FED /* soundoff.png in Resources */ = {isa = PBXBuildFile; fileRef = 54BC178B1AC1FABF000A7FED /* soundoff.png */; };
		54BC178F1AC1FABF000A7FED /* soundon.png in Resources */ = {isa = PBXBuildFile; fileRef = 54BC178C1AC1FABF000A7FED /* soundon.png */; };
		54BC17931AC207C0000A7FED /* musicon.png in Resources */ = {isa = PBXBuildFile; fileRef = 54BC17911AC207C0000A7FED /* musicon.png */; };
		54BC17971AC20F58000A7FED /* musicoff.png in Resources */ = {isa = PBXBuildFile; fileRef = 54BC17961AC20F58000A7FED /* musicoff.png */; };
		54BC17991AC2230A000A7FED /* Info.swift in Sources */ = {isa = PBXBuildFile; fileRef = 54BC17981AC2230A000A7FED /* Info.swift */; };
		54BC179D1AC22FA4000A7FED /* credits.png in Resources */ = {isa = PBXBuildFile; fileRef = 54BC179C1AC22FA4000A7FED /* credits.png */; };
		54C242F51AC8AEE8005385C2 /* Options.swift in Sources */ = {isa = PBXBuildFile; fileRef = 54C242F41AC8AEE8005385C2 /* Options.swift */; };
		54C242F91AC8C26C005385C2 /* OptionsMenu.swift in Sources */ = {isa = PBXBuildFile; fileRef = 54C242F81AC8C26C005385C2 /* OptionsMenu.swift */; };
		54CDE1291A66514000E18B95 /* howto.png in Resources */ = {isa = PBXBuildFile; fileRef = 54CDE1281A66514000E18B95 /* howto.png */; };
		54D1EDCA1A846FB50058E8DB /* Utility.swift in Sources */ = {isa = PBXBuildFile; fileRef = 54D1EDC91A846FB50058E8DB /* Utility.swift */; };
		54E4AB1F1A4F6B56004D80C3 /* MainMenuScene.swift in Sources */ = {isa = PBXBuildFile; fileRef = 54E4AB1E1A4F6B56004D80C3 /* MainMenuScene.swift */; };
		54ECDC121A632A1600860C5E /* PopupMenu.swift in Sources */ = {isa = PBXBuildFile; fileRef = 54ECDC111A632A1600860C5E /* PopupMenu.swift */; };
		54ECDC141A64376800860C5E /* Button.swift in Sources */ = {isa = PBXBuildFile; fileRef = 54ECDC131A64376800860C5E /* Button.swift */; };
		54ECDC1E1A64E99400860C5E /* leaderboard.png in Resources */ = {isa = PBXBuildFile; fileRef = 54ECDC1A1A64E99400860C5E /* leaderboard.png */; };
		54ECDC1F1A64E99400860C5E /* home.png in Resources */ = {isa = PBXBuildFile; fileRef = 54ECDC1B1A64E99400860C5E /* home.png */; };
		54ECDC201A64E99400860C5E /* info.png in Resources */ = {isa = PBXBuildFile; fileRef = 54ECDC1C1A64E99400860C5E /* info.png */; };
		54ECDC211A64E99400860C5E /* settings.png in Resources */ = {isa = PBXBuildFile; fileRef = 54ECDC1D1A64E99400860C5E /* settings.png */; };
		54EE9E0A1ADB4E9400F5608F /* indicatorsoff.png in Resources */ = {isa = PBXBuildFile; fileRef = 54EE9E081ADB4E9400F5608F /* indicatorsoff.png */; };
		54EE9E0B1ADB4E9400F5608F /* indicatorson.png in Resources */ = {isa = PBXBuildFile; fileRef = 54EE9E091ADB4E9400F5608F /* indicatorson.png */; };
		55AD86821A8E831E00839E28 /* game.atlas in Resources */ = {isa = PBXBuildFile; fileRef = 55AD86811A8E831E00839E28 /* game.atlas */; };
		55AD86841A8E86E000839E28 /* laser.png in Resources */ = {isa = PBXBuildFile; fileRef = 55AD86831A8E86E000839E28 /* laser.png */; };
		55AD86861A8E871300839E28 /* powerup.atlas in Resources */ = {isa = PBXBuildFile; fileRef = 55AD86851A8E871300839E28 /* powerup.atlas */; };
		EB8A47DF1A979AE300CF6272 /* GCHelper.swift in Sources */ = {isa = PBXBuildFile; fileRef = EB8A47DE1A979AE300CF6272 /* GCHelper.swift */; };
/* End PBXBuildFile section */

/* Begin PBXFileReference section */
		5401CE181ADB02D8002D20F2 /* followoff.png */ = {isa = PBXFileReference; lastKnownFileType = image.png; path = followoff.png; sourceTree = "<group>"; };
		5401CE191ADB02D8002D20F2 /* followon.png */ = {isa = PBXFileReference; lastKnownFileType = image.png; path = followon.png; sourceTree = "<group>"; };
		540324281A4B8B5300B61880 /* SpaceEvaders.app */ = {isa = PBXFileReference; explicitFileType = wrapper.application; includeInIndex = 0; path = SpaceEvaders.app; sourceTree = BUILT_PRODUCTS_DIR; };
		5403242C1A4B8B5300B61880 /* Info.plist */ = {isa = PBXFileReference; lastKnownFileType = text.plist.xml; path = Info.plist; sourceTree = "<group>"; };
		5403242D1A4B8B5300B61880 /* AppDelegate.swift */ = {isa = PBXFileReference; lastKnownFileType = sourcecode.swift; path = AppDelegate.swift; sourceTree = "<group>"; };
		540324311A4B8B5300B61880 /* GameScene.swift */ = {isa = PBXFileReference; lastKnownFileType = sourcecode.swift; path = GameScene.swift; sourceTree = "<group>"; };
		540324331A4B8B5300B61880 /* GameViewController.swift */ = {isa = PBXFileReference; lastKnownFileType = sourcecode.swift; path = GameViewController.swift; sourceTree = "<group>"; };
		540324361A4B8B5300B61880 /* Base */ = {isa = PBXFileReference; lastKnownFileType = file.storyboard; name = Base; path = Base.lproj/Main.storyboard; sourceTree = "<group>"; };
		540324381A4B8B5300B61880 /* Images.xcassets */ = {isa = PBXFileReference; lastKnownFileType = folder.assetcatalog; path = Images.xcassets; sourceTree = "<group>"; };
		54055C711AF07D1500FDD966 /* Iapp.swift */ = {isa = PBXFileReference; fileEncoding = 4; lastKnownFileType = sourcecode.swift; path = Iapp.swift; sourceTree = "<group>"; };
		540A9B151B1534F200A8F6E0 /* FadeText.swift */ = {isa = PBXFileReference; fileEncoding = 4; lastKnownFileType = sourcecode.swift; path = FadeText.swift; sourceTree = "<group>"; };
		541036871A55EFB000FA8BD2 /* Alien.swift */ = {isa = PBXFileReference; fileEncoding = 4; lastKnownFileType = sourcecode.swift; path = Alien.swift; sourceTree = "<group>"; };
		541036891A55EFD200FA8BD2 /* Sprite.swift */ = {isa = PBXFileReference; fileEncoding = 4; lastKnownFileType = sourcecode.swift; path = Sprite.swift; sourceTree = "<group>"; };
		5414AC481AEEA2E10039724D /* StoreKit.framework */ = {isa = PBXFileReference; lastKnownFileType = wrapper.framework; name = StoreKit.framework; path = System/Library/Frameworks/StoreKit.framework; sourceTree = SDKROOT; };
		541A8A061A65F1FE0058AB46 /* iAd.framework */ = {isa = PBXFileReference; lastKnownFileType = wrapper.framework; name = iAd.framework; path = System/Library/Frameworks/iAd.framework; sourceTree = SDKROOT; };
		547B0DA91A5E105900B3985C /* Explosion.swift */ = {isa = PBXFileReference; fileEncoding = 4; lastKnownFileType = sourcecode.swift; path = Explosion.swift; sourceTree = "<group>"; };
		547B0DAB1A5F59BC00B3985C /* Rocket.swift */ = {isa = PBXFileReference; fileEncoding = 4; lastKnownFileType = sourcecode.swift; path = Rocket.swift; sourceTree = "<group>"; };
		547B0DAE1A5F5D3E00B3985C /* Scoreboard.swift */ = {isa = PBXFileReference; fileEncoding = 4; lastKnownFileType = sourcecode.swift; path = Scoreboard.swift; sourceTree = "<group>"; };
		547B0DB01A5F64CE00B3985C /* Background.swift */ = {isa = PBXFileReference; fileEncoding = 4; lastKnownFileType = sourcecode.swift; path = Background.swift; sourceTree = "<group>"; };
		547B0E0C1A5FA2F800B3985C /* timeburner.otf */ = {isa = PBXFileReference; lastKnownFileType = file; path = timeburner.otf; sourceTree = "<group>"; };
		547BDB851A60AD16009F1B50 /* Explode.sks */ = {isa = PBXFileReference; lastKnownFileType = file.sks; path = Explode.sks; sourceTree = "<group>"; };
		547BDB8B1A60C1B1009F1B50 /* Pause.swift */ = {isa = PBXFileReference; fileEncoding = 4; lastKnownFileType = sourcecode.swift; path = Pause.swift; sourceTree = "<group>"; };
		548983F81A57938E00C7BF63 /* Powerup.swift */ = {isa = PBXFileReference; fileEncoding = 4; lastKnownFileType = sourcecode.swift; path = Powerup.swift; sourceTree = "<group>"; };
		54A2C7481A65A70A003746D3 /* GameKit.framework */ = {isa = PBXFileReference; lastKnownFileType = wrapper.framework; name = GameKit.framework; path = System/Library/Frameworks/GameKit.framework; sourceTree = SDKROOT; };
		54A317931B3A037A00D8CB16 /* LaunchScreen.storyboard */ = {isa = PBXFileReference; fileEncoding = 4; lastKnownFileType = file.storyboard; path = LaunchScreen.storyboard; sourceTree = "<group>"; };
		54A317951B3A06E100D8CB16 /* launch.png */ = {isa = PBXFileReference; lastKnownFileType = image.png; path = launch.png; sourceTree = "<group>"; };
		54B436361A832EF9008E592E /* twitter.png */ = {isa = PBXFileReference; lastKnownFileType = image.png; path = twitter.png; sourceTree = "<group>"; };
		54B436371A832EF9008E592E /* facebook.png */ = {isa = PBXFileReference; lastKnownFileType = image.png; path = facebook.png; sourceTree = "<group>"; };
		54BC17791AC1ECF0000A7FED /* Start.mp3 */ = {isa = PBXFileReference; lastKnownFileType = audio.mp3; path = Start.mp3; sourceTree = "<group>"; };
		54BC177A1AC1ECF0000A7FED /* Powerup.mp3 */ = {isa = PBXFileReference; lastKnownFileType = audio.mp3; path = Powerup.mp3; sourceTree = "<group>"; };
		54BC177B1AC1ECF0000A7FED /* Alien_Disable.mp3 */ = {isa = PBXFileReference; lastKnownFileType = audio.mp3; path = Alien_Disable.mp3; sourceTree = "<group>"; };
		54BC177C1AC1ECF0000A7FED /* Death.mp3 */ = {isa = PBXFileReference; lastKnownFileType = audio.mp3; path = Death.mp3; sourceTree = "<group>"; };
		54BC17811AC1F2BA000A7FED /* Chamber-of-Jewels.mp3 */ = {isa = PBXFileReference; lastKnownFileType = audio.mp3; path = "Chamber-of-Jewels.mp3"; sourceTree = "<group>"; };
		54BC178B1AC1FABF000A7FED /* soundoff.png */ = {isa = PBXFileReference; lastKnownFileType = image.png; path = soundoff.png; sourceTree = "<group>"; };
		54BC178C1AC1FABF000A7FED /* soundon.png */ = {isa = PBXFileReference; lastKnownFileType = image.png; path = soundon.png; sourceTree = "<group>"; };
		54BC17911AC207C0000A7FED /* musicon.png */ = {isa = PBXFileReference; lastKnownFileType = image.png; path = musicon.png; sourceTree = "<group>"; };
		54BC17961AC20F58000A7FED /* musicoff.png */ = {isa = PBXFileReference; lastKnownFileType = image.png; path = musicoff.png; sourceTree = "<group>"; };
		54BC17981AC2230A000A7FED /* Info.swift */ = {isa = PBXFileReference; fileEncoding = 4; lastKnownFileType = sourcecode.swift; path = Info.swift; sourceTree = "<group>"; };
		54BC179C1AC22FA4000A7FED /* credits.png */ = {isa = PBXFileReference; lastKnownFileType = image.png; path = credits.png; sourceTree = "<group>"; };
		54C242F41AC8AEE8005385C2 /* Options.swift */ = {isa = PBXFileReference; fileEncoding = 4; lastKnownFileType = sourcecode.swift; path = Options.swift; sourceTree = "<group>"; };
		54C242F81AC8C26C005385C2 /* OptionsMenu.swift */ = {isa = PBXFileReference; fileEncoding = 4; lastKnownFileType = sourcecode.swift; path = OptionsMenu.swift; sourceTree = "<group>"; };
		54CDE1281A66514000E18B95 /* howto.png */ = {isa = PBXFileReference; lastKnownFileType = image.png; path = howto.png; sourceTree = "<group>"; };
		54D1EDC91A846FB50058E8DB /* Utility.swift */ = {isa = PBXFileReference; fileEncoding = 4; lastKnownFileType = sourcecode.swift; path = Utility.swift; sourceTree = "<group>"; };
		54E4AB1E1A4F6B56004D80C3 /* MainMenuScene.swift */ = {isa = PBXFileReference; fileEncoding = 4; lastKnownFileType = sourcecode.swift; path = MainMenuScene.swift; sourceTree = "<group>"; };
		54ECDC111A632A1600860C5E /* PopupMenu.swift */ = {isa = PBXFileReference; fileEncoding = 4; lastKnownFileType = sourcecode.swift; path = PopupMenu.swift; sourceTree = "<group>"; };
		54ECDC131A64376800860C5E /* Button.swift */ = {isa = PBXFileReference; fileEncoding = 4; lastKnownFileType = sourcecode.swift; path = Button.swift; sourceTree = "<group>"; };
		54ECDC1A1A64E99400860C5E /* leaderboard.png */ = {isa = PBXFileReference; lastKnownFileType = image.png; path = leaderboard.png; sourceTree = "<group>"; };
		54ECDC1B1A64E99400860C5E /* home.png */ = {isa = PBXFileReference; lastKnownFileType = image.png; path = home.png; sourceTree = "<group>"; };
		54ECDC1C1A64E99400860C5E /* info.png */ = {isa = PBXFileReference; lastKnownFileType = image.png; path = info.png; sourceTree = "<group>"; };
		54ECDC1D1A64E99400860C5E /* settings.png */ = {isa = PBXFileReference; lastKnownFileType = image.png; path = settings.png; sourceTree = "<group>"; };
		54EE9E081ADB4E9400F5608F /* indicatorsoff.png */ = {isa = PBXFileReference; lastKnownFileType = image.png; path = indicatorsoff.png; sourceTree = "<group>"; };
		54EE9E091ADB4E9400F5608F /* indicatorson.png */ = {isa = PBXFileReference; lastKnownFileType = image.png; path = indicatorson.png; sourceTree = "<group>"; };
		55AD86811A8E831E00839E28 /* game.atlas */ = {isa = PBXFileReference; lastKnownFileType = folder.skatlas; path = game.atlas; sourceTree = "<group>"; };
		55AD86831A8E86E000839E28 /* laser.png */ = {isa = PBXFileReference; lastKnownFileType = image.png; path = laser.png; sourceTree = "<group>"; };
		55AD86851A8E871300839E28 /* powerup.atlas */ = {isa = PBXFileReference; lastKnownFileType = folder.skatlas; path = powerup.atlas; sourceTree = "<group>"; };
		EB8A47DE1A979AE300CF6272 /* GCHelper.swift */ = {isa = PBXFileReference; fileEncoding = 4; lastKnownFileType = sourcecode.swift; path = GCHelper.swift; sourceTree = "<group>"; };
/* End PBXFileReference section */

/* Begin PBXFrameworksBuildPhase section */
		540324251A4B8B5300B61880 /* Frameworks */ = {
			isa = PBXFrameworksBuildPhase;
			buildActionMask = 2147483647;
			files = (
				5414AC491AEEA2E10039724D /* StoreKit.framework in Frameworks */,
				54A2C7491A65A70A003746D3 /* GameKit.framework in Frameworks */,
			);
			runOnlyForDeploymentPostprocessing = 0;
		};
/* End PBXFrameworksBuildPhase section */

/* Begin PBXGroup section */
		5403241F1A4B8B5300B61880 = {
			isa = PBXGroup;
			children = (
				5403242A1A4B8B5300B61880 /* SpaceEvaders */,
				55AD867E1A8E81FD00839E28 /* Frameworks */,
				540324291A4B8B5300B61880 /* Products */,
			);
			sourceTree = "<group>";
		};
		540324291A4B8B5300B61880 /* Products */ = {
			isa = PBXGroup;
			children = (
				540324281A4B8B5300B61880 /* SpaceEvaders.app */,
			);
			name = Products;
			sourceTree = "<group>";
		};
		5403242A1A4B8B5300B61880 /* SpaceEvaders */ = {
			isa = PBXGroup;
			children = (
				547B0E0C1A5FA2F800B3985C /* timeburner.otf */,
				54BC17781AC1ECE1000A7FED /* sounds */,
				540324511A4B8C0D00B61880 /* images */,
				540324311A4B8B5300B61880 /* GameScene.swift */,
				547BDB821A60A21B009F1B50 /* Menu */,
				547B0DAD1A5F5C9600B3985C /* Sprites */,
				541036891A55EFD200FA8BD2 /* Sprite.swift */,
				54E4AB1E1A4F6B56004D80C3 /* MainMenuScene.swift */,
				54D1EDC91A846FB50058E8DB /* Utility.swift */,
				54C242F41AC8AEE8005385C2 /* Options.swift */,
				5403242D1A4B8B5300B61880 /* AppDelegate.swift */,
				540324331A4B8B5300B61880 /* GameViewController.swift */,
				540324351A4B8B5300B61880 /* Main.storyboard */,
				540324381A4B8B5300B61880 /* Images.xcassets */,
				5403242B1A4B8B5300B61880 /* Supporting Files */,
				EB8A47DE1A979AE300CF6272 /* GCHelper.swift */,
				54A317931B3A037A00D8CB16 /* LaunchScreen.storyboard */,
			);
			path = SpaceEvaders;
			sourceTree = "<group>";
		};
		5403242B1A4B8B5300B61880 /* Supporting Files */ = {
			isa = PBXGroup;
			children = (
				5403242C1A4B8B5300B61880 /* Info.plist */,
			);
			name = "Supporting Files";
			sourceTree = "<group>";
		};
		540324511A4B8C0D00B61880 /* images */ = {
			isa = PBXGroup;
			children = (
				54BC17851AC1F910000A7FED /* buttons */,
				54B436361A832EF9008E592E /* twitter.png */,
				54B436371A832EF9008E592E /* facebook.png */,
				54CDE1281A66514000E18B95 /* howto.png */,
				54ECDC1A1A64E99400860C5E /* leaderboard.png */,
				54ECDC1B1A64E99400860C5E /* home.png */,
				54BC179C1AC22FA4000A7FED /* credits.png */,
				54A317951B3A06E100D8CB16 /* launch.png */,
				54ECDC1C1A64E99400860C5E /* info.png */,
				54ECDC1D1A64E99400860C5E /* settings.png */,
				55AD86831A8E86E000839E28 /* laser.png */,
				55AD86851A8E871300839E28 /* powerup.atlas */,
				55AD86811A8E831E00839E28 /* game.atlas */,
			);
			path = images;
			sourceTree = "<group>";
		};
		547B0DAD1A5F5C9600B3985C /* Sprites */ = {
			isa = PBXGroup;
			children = (
				541036871A55EFB000FA8BD2 /* Alien.swift */,
				548983F81A57938E00C7BF63 /* Powerup.swift */,
				547B0DAB1A5F59BC00B3985C /* Rocket.swift */,
				547B0DA91A5E105900B3985C /* Explosion.swift */,
				547BDB851A60AD16009F1B50 /* Explode.sks */,
				547B0DAE1A5F5D3E00B3985C /* Scoreboard.swift */,
				547B0DB01A5F64CE00B3985C /* Background.swift */,
			);
			name = Sprites;
			sourceTree = "<group>";
		};
		547BDB821A60A21B009F1B50 /* Menu */ = {
			isa = PBXGroup;
			children = (
				540A9B151B1534F200A8F6E0 /* FadeText.swift */,
				54ECDC111A632A1600860C5E /* PopupMenu.swift */,
				54C242F81AC8C26C005385C2 /* OptionsMenu.swift */,
				54ECDC131A64376800860C5E /* Button.swift */,
				547BDB8B1A60C1B1009F1B50 /* Pause.swift */,
				54BC17981AC2230A000A7FED /* Info.swift */,
				54055C711AF07D1500FDD966 /* Iapp.swift */,
			);
			name = Menu;
			sourceTree = "<group>";
		};
		54BC17781AC1ECE1000A7FED /* sounds */ = {
			isa = PBXGroup;
			children = (
				54BC17791AC1ECF0000A7FED /* Start.mp3 */,
				54BC177A1AC1ECF0000A7FED /* Powerup.mp3 */,
				54BC177B1AC1ECF0000A7FED /* Alien_Disable.mp3 */,
				54BC177C1AC1ECF0000A7FED /* Death.mp3 */,
				54BC17811AC1F2BA000A7FED /* Chamber-of-Jewels.mp3 */,
			);
			name = sounds;
			path = images;
			sourceTree = "<group>";
		};
		54BC17851AC1F910000A7FED /* buttons */ = {
			isa = PBXGroup;
			children = (
				54BC178B1AC1FABF000A7FED /* soundoff.png */,
				54BC178C1AC1FABF000A7FED /* soundon.png */,
				54BC17911AC207C0000A7FED /* musicon.png */,
				54BC17961AC20F58000A7FED /* musicoff.png */,
				5401CE181ADB02D8002D20F2 /* followoff.png */,
				5401CE191ADB02D8002D20F2 /* followon.png */,
				54EE9E081ADB4E9400F5608F /* indicatorsoff.png */,
				54EE9E091ADB4E9400F5608F /* indicatorson.png */,
			);
			name = buttons;
			sourceTree = "<group>";
		};
		55AD867E1A8E81FD00839E28 /* Frameworks */ = {
			isa = PBXGroup;
			children = (
				5414AC481AEEA2E10039724D /* StoreKit.framework */,
				541A8A061A65F1FE0058AB46 /* iAd.framework */,
				54A2C7481A65A70A003746D3 /* GameKit.framework */,
			);
			name = Frameworks;
			sourceTree = "<group>";
		};
/* End PBXGroup section */

/* Begin PBXNativeTarget section */
		540324271A4B8B5300B61880 /* SpaceEvaders */ = {
			isa = PBXNativeTarget;
			buildConfigurationList = 5403244B1A4B8B5300B61880 /* Build configuration list for PBXNativeTarget "SpaceEvaders" */;
			buildPhases = (
				540324241A4B8B5300B61880 /* Sources */,
				540324251A4B8B5300B61880 /* Frameworks */,
				540324261A4B8B5300B61880 /* Resources */,
			);
			buildRules = (
			);
			dependencies = (
			);
			name = SpaceEvaders;
			productName = SpaceEvaders;
			productReference = 540324281A4B8B5300B61880 /* SpaceEvaders.app */;
			productType = "com.apple.product-type.application";
		};
/* End PBXNativeTarget section */

/* Begin PBXProject section */
		540324201A4B8B5300B61880 /* Project object */ = {
			isa = PBXProject;
			attributes = {
				LastSwiftMigration = 0700;
				LastSwiftUpdateCheck = 0700;
				LastUpgradeCheck = 1010;
				ORGANIZATIONNAME = "Tristen Miller";
				TargetAttributes = {
					540324271A4B8B5300B61880 = {
						CreatedOnToolsVersion = 6.1.1;
						DevelopmentTeam = 6VJ9C2YY26;
						LastSwiftMigration = 0800;
						SystemCapabilities = {
							com.apple.GameCenter = {
								enabled = 1;
							};
							com.apple.InAppPurchase = {
								enabled = 1;
							};
						};
					};
				};
			};
			buildConfigurationList = 540324231A4B8B5300B61880 /* Build configuration list for PBXProject "SpaceEvaders" */;
			compatibilityVersion = "Xcode 3.2";
			developmentRegion = English;
			hasScannedForEncodings = 0;
			knownRegions = (
				en,
				Base,
			);
			mainGroup = 5403241F1A4B8B5300B61880;
			productRefGroup = 540324291A4B8B5300B61880 /* Products */;
			projectDirPath = "";
			projectRoot = "";
			targets = (
				540324271A4B8B5300B61880 /* SpaceEvaders */,
			);
		};
/* End PBXProject section */

/* Begin PBXResourcesBuildPhase section */
		540324261A4B8B5300B61880 /* Resources */ = {
			isa = PBXResourcesBuildPhase;
			buildActionMask = 2147483647;
			files = (
				547B0E0D1A5FA36500B3985C /* timeburner.otf in Resources */,
				54B436391A832EF9008E592E /* facebook.png in Resources */,
				54BC17821AC1F2BA000A7FED /* Chamber-of-Jewels.mp3 in Resources */,
				55AD86821A8E831E00839E28 /* game.atlas in Resources */,
				55AD86841A8E86E000839E28 /* laser.png in Resources */,
				54BC178E1AC1FABF000A7FED /* soundoff.png in Resources */,
				54A317961B3A06E100D8CB16 /* launch.png in Resources */,
				54ECDC211A64E99400860C5E /* settings.png in Resources */,
				54BC177D1AC1ECF0000A7FED /* Start.mp3 in Resources */,
				54ECDC201A64E99400860C5E /* info.png in Resources */,
				54CDE1291A66514000E18B95 /* howto.png in Resources */,
				54EE9E0A1ADB4E9400F5608F /* indicatorsoff.png in Resources */,
				547BDB871A60AD16009F1B50 /* Explode.sks in Resources */,
				540324391A4B8B5300B61880 /* Images.xcassets in Resources */,
				55AD86861A8E871300839E28 /* powerup.atlas in Resources */,
				54BC177E1AC1ECF0000A7FED /* Powerup.mp3 in Resources */,
				5401CE1A1ADB02D8002D20F2 /* followoff.png in Resources */,
				54ECDC1E1A64E99400860C5E /* leaderboard.png in Resources */,
				540324371A4B8B5300B61880 /* Main.storyboard in Resources */,
				54EE9E0B1ADB4E9400F5608F /* indicatorson.png in Resources */,
				54BC17801AC1ECF0000A7FED /* Death.mp3 in Resources */,
				54BC178F1AC1FABF000A7FED /* soundon.png in Resources */,
				54BC17971AC20F58000A7FED /* musicoff.png in Resources */,
				54BC17931AC207C0000A7FED /* musicon.png in Resources */,
				5401CE1B1ADB02D8002D20F2 /* followon.png in Resources */,
				54B436381A832EF9008E592E /* twitter.png in Resources */,
				54ECDC1F1A64E99400860C5E /* home.png in Resources */,
				54BC179D1AC22FA4000A7FED /* credits.png in Resources */,
				54BC177F1AC1ECF0000A7FED /* Alien_Disable.mp3 in Resources */,
				54A317941B3A037A00D8CB16 /* LaunchScreen.storyboard in Resources */,
			);
			runOnlyForDeploymentPostprocessing = 0;
		};
/* End PBXResourcesBuildPhase section */

/* Begin PBXSourcesBuildPhase section */
		540324241A4B8B5300B61880 /* Sources */ = {
			isa = PBXSourcesBuildPhase;
			buildActionMask = 2147483647;
			files = (
				54E4AB1F1A4F6B56004D80C3 /* MainMenuScene.swift in Sources */,
				54ECDC121A632A1600860C5E /* PopupMenu.swift in Sources */,
				54ECDC141A64376800860C5E /* Button.swift in Sources */,
				EB8A47DF1A979AE300CF6272 /* GCHelper.swift in Sources */,
				54C242F51AC8AEE8005385C2 /* Options.swift in Sources */,
				540324321A4B8B5300B61880 /* GameScene.swift in Sources */,
				54C242F91AC8C26C005385C2 /* OptionsMenu.swift in Sources */,
				548983F91A57938E00C7BF63 /* Powerup.swift in Sources */,
				547B0DAC1A5F59BC00B3985C /* Rocket.swift in Sources */,
				540324341A4B8B5300B61880 /* GameViewController.swift in Sources */,
				547B0DAA1A5E105900B3985C /* Explosion.swift in Sources */,
				547BDB8C1A60C1B1009F1B50 /* Pause.swift in Sources */,
				541036881A55EFB000FA8BD2 /* Alien.swift in Sources */,
				540A9B161B1534F200A8F6E0 /* FadeText.swift in Sources */,
				5410368A1A55EFD200FA8BD2 /* Sprite.swift in Sources */,
				54D1EDCA1A846FB50058E8DB /* Utility.swift in Sources */,
				54055C721AF07D1500FDD966 /* Iapp.swift in Sources */,
				547B0DAF1A5F5D3E00B3985C /* Scoreboard.swift in Sources */,
				5403242E1A4B8B5300B61880 /* AppDelegate.swift in Sources */,
				547B0DB11A5F64CE00B3985C /* Background.swift in Sources */,
				54BC17991AC2230A000A7FED /* Info.swift in Sources */,
			);
			runOnlyForDeploymentPostprocessing = 0;
		};
/* End PBXSourcesBuildPhase section */

/* Begin PBXVariantGroup section */
		540324351A4B8B5300B61880 /* Main.storyboard */ = {
			isa = PBXVariantGroup;
			children = (
				540324361A4B8B5300B61880 /* Base */,
			);
			name = Main.storyboard;
			sourceTree = "<group>";
		};
/* End PBXVariantGroup section */

/* Begin XCBuildConfiguration section */
		540324491A4B8B5300B61880 /* Debug */ = {
			isa = XCBuildConfiguration;
			buildSettings = {
				ALWAYS_SEARCH_USER_PATHS = NO;
				CLANG_CXX_LANGUAGE_STANDARD = "gnu++0x";
				CLANG_CXX_LIBRARY = "libc++";
				CLANG_ENABLE_MODULES = YES;
				CLANG_ENABLE_OBJC_ARC = YES;
				CLANG_WARN_BLOCK_CAPTURE_AUTORELEASING = YES;
				CLANG_WARN_BOOL_CONVERSION = YES;
				CLANG_WARN_COMMA = YES;
				CLANG_WARN_CONSTANT_CONVERSION = YES;
				CLANG_WARN_DEPRECATED_OBJC_IMPLEMENTATIONS = YES;
				CLANG_WARN_DIRECT_OBJC_ISA_USAGE = YES_ERROR;
				CLANG_WARN_EMPTY_BODY = YES;
				CLANG_WARN_ENUM_CONVERSION = YES;
				CLANG_WARN_INFINITE_RECURSION = YES;
				CLANG_WARN_INT_CONVERSION = YES;
				CLANG_WARN_NON_LITERAL_NULL_CONVERSION = YES;
				CLANG_WARN_OBJC_IMPLICIT_RETAIN_SELF = YES;
				CLANG_WARN_OBJC_LITERAL_CONVERSION = YES;
				CLANG_WARN_OBJC_ROOT_CLASS = YES_ERROR;
				CLANG_WARN_RANGE_LOOP_ANALYSIS = YES;
				CLANG_WARN_STRICT_PROTOTYPES = YES;
				CLANG_WARN_SUSPICIOUS_MOVE = YES;
				CLANG_WARN_UNREACHABLE_CODE = YES;
				CLANG_WARN__DUPLICATE_METHOD_MATCH = YES;
				"CODE_SIGN_IDENTITY[sdk=iphoneos*]" = "iPhone Developer";
				COPY_PHASE_STRIP = NO;
				ENABLE_STRICT_OBJC_MSGSEND = YES;
				ENABLE_TESTABILITY = YES;
				GCC_C_LANGUAGE_STANDARD = gnu99;
				GCC_DYNAMIC_NO_PIC = NO;
				GCC_NO_COMMON_BLOCKS = YES;
				GCC_OPTIMIZATION_LEVEL = 0;
				GCC_PREPROCESSOR_DEFINITIONS = (
					"DEBUG=1",
					"$(inherited)",
				);
				GCC_SYMBOLS_PRIVATE_EXTERN = NO;
				GCC_WARN_64_TO_32_BIT_CONVERSION = YES;
				GCC_WARN_ABOUT_RETURN_TYPE = YES_ERROR;
				GCC_WARN_UNDECLARED_SELECTOR = YES;
				GCC_WARN_UNINITIALIZED_AUTOS = YES_AGGRESSIVE;
				GCC_WARN_UNUSED_FUNCTION = YES;
				GCC_WARN_UNUSED_VARIABLE = YES;
				IPHONEOS_DEPLOYMENT_TARGET = 11.0;
				MTL_ENABLE_DEBUG_INFO = YES;
				ONLY_ACTIVE_ARCH = YES;
				SDKROOT = iphoneos;
				SWIFT_OPTIMIZATION_LEVEL = "-Onone";
				TARGETED_DEVICE_FAMILY = "1,2";
			};
			name = Debug;
		};
		5403244A1A4B8B5300B61880 /* Release */ = {
			isa = XCBuildConfiguration;
			buildSettings = {
				ALWAYS_SEARCH_USER_PATHS = NO;
				CLANG_CXX_LANGUAGE_STANDARD = "gnu++0x";
				CLANG_CXX_LIBRARY = "libc++";
				CLANG_ENABLE_MODULES = YES;
				CLANG_ENABLE_OBJC_ARC = YES;
				CLANG_WARN_BLOCK_CAPTURE_AUTORELEASING = YES;
				CLANG_WARN_BOOL_CONVERSION = YES;
				CLANG_WARN_COMMA = YES;
				CLANG_WARN_CONSTANT_CONVERSION = YES;
				CLANG_WARN_DEPRECATED_OBJC_IMPLEMENTATIONS = YES;
				CLANG_WARN_DIRECT_OBJC_ISA_USAGE = YES_ERROR;
				CLANG_WARN_EMPTY_BODY = YES;
				CLANG_WARN_ENUM_CONVERSION = YES;
				CLANG_WARN_INFINITE_RECURSION = YES;
				CLANG_WARN_INT_CONVERSION = YES;
				CLANG_WARN_NON_LITERAL_NULL_CONVERSION = YES;
				CLANG_WARN_OBJC_IMPLICIT_RETAIN_SELF = YES;
				CLANG_WARN_OBJC_LITERAL_CONVERSION = YES;
				CLANG_WARN_OBJC_ROOT_CLASS = YES_ERROR;
				CLANG_WARN_RANGE_LOOP_ANALYSIS = YES;
				CLANG_WARN_STRICT_PROTOTYPES = YES;
				CLANG_WARN_SUSPICIOUS_MOVE = YES;
				CLANG_WARN_UNREACHABLE_CODE = YES;
				CLANG_WARN__DUPLICATE_METHOD_MATCH = YES;
				"CODE_SIGN_IDENTITY[sdk=iphoneos*]" = "iPhone Developer";
				COPY_PHASE_STRIP = YES;
				ENABLE_NS_ASSERTIONS = NO;
				ENABLE_STRICT_OBJC_MSGSEND = YES;
				GCC_C_LANGUAGE_STANDARD = gnu99;
				GCC_NO_COMMON_BLOCKS = YES;
				GCC_WARN_64_TO_32_BIT_CONVERSION = YES;
				GCC_WARN_ABOUT_RETURN_TYPE = YES_ERROR;
				GCC_WARN_UNDECLARED_SELECTOR = YES;
				GCC_WARN_UNINITIALIZED_AUTOS = YES_AGGRESSIVE;
				GCC_WARN_UNUSED_FUNCTION = YES;
				GCC_WARN_UNUSED_VARIABLE = YES;
				IPHONEOS_DEPLOYMENT_TARGET = 11.0;
				MTL_ENABLE_DEBUG_INFO = NO;
				SDKROOT = iphoneos;
				SWIFT_OPTIMIZATION_LEVEL = "-Owholemodule";
				TARGETED_DEVICE_FAMILY = "1,2";
				VALIDATE_PRODUCT = YES;
			};
			name = Release;
		};
		5403244C1A4B8B5300B61880 /* Debug */ = {
			isa = XCBuildConfiguration;
			buildSettings = {
				ASSETCATALOG_COMPILER_APPICON_NAME = AppIcon;
				ASSETCATALOG_COMPILER_LAUNCHIMAGE_NAME = LaunchImage;
				CODE_SIGN_IDENTITY = "iPhone Developer";
				"CODE_SIGN_IDENTITY[sdk=iphoneos*]" = "iPhone Developer";
				FRAMEWORK_SEARCH_PATHS = (
					"$(inherited)",
					"$(PROJECT_DIR)",
				);
				INFOPLIST_FILE = SpaceEvaders/Info.plist;
				IPHONEOS_DEPLOYMENT_TARGET = 11.0;
				LD_RUNPATH_SEARCH_PATHS = "$(inherited) @executable_path/Frameworks";
				PRODUCT_BUNDLE_IDENTIFIER = "com.hawkfalcon.$(PRODUCT_NAME:rfc1034identifier)";
				PRODUCT_NAME = "$(TARGET_NAME)";
				PROVISIONING_PROFILE = "";
				SWIFT_VERSION = 4.2;
				TARGETED_DEVICE_FAMILY = 1;
			};
			name = Debug;
		};
		5403244D1A4B8B5300B61880 /* Release */ = {
			isa = XCBuildConfiguration;
			buildSettings = {
				ASSETCATALOG_COMPILER_APPICON_NAME = AppIcon;
				ASSETCATALOG_COMPILER_LAUNCHIMAGE_NAME = LaunchImage;
				CODE_SIGN_IDENTITY = "iPhone Developer";
				"CODE_SIGN_IDENTITY[sdk=iphoneos*]" = "iPhone Developer";
				FRAMEWORK_SEARCH_PATHS = (
					"$(inherited)",
					"$(PROJECT_DIR)",
				);
				INFOPLIST_FILE = SpaceEvaders/Info.plist;
				IPHONEOS_DEPLOYMENT_TARGET = 11.0;
				LD_RUNPATH_SEARCH_PATHS = "$(inherited) @executable_path/Frameworks";
				PRODUCT_BUNDLE_IDENTIFIER = "com.hawkfalcon.$(PRODUCT_NAME:rfc1034identifier)";
				PRODUCT_NAME = "$(TARGET_NAME)";
				PROVISIONING_PROFILE = "";
				SWIFT_VERSION = 4.2;
				TARGETED_DEVICE_FAMILY = 1;
			};
			name = Release;
		};
/* End XCBuildConfiguration section */

/* Begin XCConfigurationList section */
		540324231A4B8B5300B61880 /* Build configuration list for PBXProject "SpaceEvaders" */ = {
			isa = XCConfigurationList;
			buildConfigurations = (
				540324491A4B8B5300B61880 /* Debug */,
				5403244A1A4B8B5300B61880 /* Release */,
			);
			defaultConfigurationIsVisible = 0;
			defaultConfigurationName = Release;
		};
		5403244B1A4B8B5300B61880 /* Build configuration list for PBXNativeTarget "SpaceEvaders" */ = {
			isa = XCConfigurationList;
			buildConfigurations = (
				5403244C1A4B8B5300B61880 /* Debug */,
				5403244D1A4B8B5300B61880 /* Release */,
			);
			defaultConfigurationIsVisible = 0;
			defaultConfigurationName = Release;
		};
/* End XCConfigurationList section */
	};
	rootObject = 540324201A4B8B5300B61880 /* Project object */;
}
